{
    "_readme": [
        "This file locks the dependencies of your project to a known state",
        "Read more about it at https://getcomposer.org/doc/01-basic-usage.md#composer-lock-the-lock-file",
        "This file is @generated automatically"
    ],
    "content-hash": "363536a1cb345113222e6a5cc6275615",
    "packages": [
        {
            "name": "dashifen/exception",
            "version": "1.0.0",
            "source": {
                "type": "git",
                "url": "https://github.com/dashifen/exception.git",
                "reference": "51b3679dd77147bd0e31a3071125d3a9295cd88d"
            },
            "dist": {
                "type": "zip",
                "url": "https://api.github.com/repos/dashifen/exception/zipball/51b3679dd77147bd0e31a3071125d3a9295cd88d",
                "reference": "51b3679dd77147bd0e31a3071125d3a9295cd88d",
                "shasum": ""
            },
            "require": {
                "php": "^7.1"
            },
            "type": "library",
            "autoload": {
                "psr-4": {
                    "Dashifen\\Exception\\": "src/"
                }
            },
            "notification-url": "https://packagist.org/downloads/",
            "license": [
                "MIT"
            ],
            "authors": [
                {
                    "name": "David Dashifen Kees",
                    "email": "dashifen@dashifen.com",
                    "homepage": "https://dashifen.com",
                    "role": "developer"
                }
            ],
            "description": "a base class for exceptions in Dashifen's other work",
            "time": "2017-06-01T13:18:01+00:00"
        },
        {
            "name": "dashifen/wordpress-php7-plugin-boilerplate",
            "version": "1.0.18-beta",
            "source": {
                "type": "git",
                "url": "https://github.com/dashifen/wordpress-php7-plugin-boilerplate.git",
                "reference": "5ca78f238f29865b1c47043bcf71b814f4d32d43"
            },
            "dist": {
                "type": "zip",
                "url": "https://api.github.com/repos/dashifen/wordpress-php7-plugin-boilerplate/zipball/5ca78f238f29865b1c47043bcf71b814f4d32d43",
                "reference": "5ca78f238f29865b1c47043bcf71b814f4d32d43",
                "shasum": ""
            },
            "require": {
                "dashifen/exception": "^1",
                "php": ">=7.1"
            },
            "type": "library",
            "autoload": {
                "psr-4": {
                    "Dashifen\\WPPB\\": "src"
                }
            },
            "notification-url": "https://packagist.org/downloads/",
            "license": [
                "MIT"
            ],
            "authors": [
                {
                    "name": "David Dashifen Kees",
                    "email": "dashifen@dashifen.com",
                    "homepage": "https://dashifen.com",
                    "role": "developer"
                }
            ],
            "description": "An object-oriented boilerplate for WordPress templates using features of PHP 7.1.",
            "time": "2017-10-05T13:12:27+00:00"
        }
    ],
    "packages-dev": [],
    "aliases": [],
    "minimum-stability": "dev",
    "stability-flags": [],
    "prefer-stable": false,
    "prefer-lowest": false,
    "platform": {
        "php": ">=7.1"
    },
    "platform-dev": []
}
